
Microsoft Visual Studio Solution File, Format Version 12.00
# Visual Studio 14
VisualStudioVersion = 14.0.25123.0
MinimumVisualStudioVersion = 10.0.40219.1
Project("{FAE04EC0-301F-11D3-BF4B-00C04F79EFBC}") = "TDDHomework", "TDDHomework\TDDHomework.csproj", "{6F71D670-6A84-49A0-A186-8F250CEAB29A}"
EndProject
Project("{FAE04EC0-301F-11D3-BF4B-00C04F79EFBC}") = "TDDHomeworkTests", "TDDHomeworkTests\TDDHomeworkTests.csproj", "{D042C262-5704-49AE-A515-F71F0F07935E}"
EndProject
Global
	GlobalSection(SolutionConfigurationPlatforms) = preSolution
		Debug|Any CPU = Debug|Any CPU
		Release|Any CPU = Release|Any CPU
	EndGlobalSection
	GlobalSection(ProjectConfigurationPlatforms) = postSolution
		{6F71D670-6A84-49A0-A186-8F250CEAB29A}.Debug|Any CPU.ActiveCfg = Debug|Any CPU
		{6F71D670-6A84-49A0-A186-8F250CEAB29A}.Debug|Any CPU.Build.0 = Debug|Any CPU
		{6F71D670-6A84-49A0-A186-8F250CEAB29A}.Release|Any CPU.ActiveCfg = Release|Any CPU
		{6F71D670-6A84-49A0-A186-8F250CEAB29A}.Release|Any CPU.Build.0 = Release|Any CPU
		{D042C262-5704-49AE-A515-F71F0F07935E}.Debug|Any CPU.ActiveCfg = Debug|Any CPU
		{D042C262-5704-49AE-A515-F71F0F07935E}.Debug|Any CPU.Build.0 = Debug|Any CPU
		{D042C262-5704-49AE-A515-F71F0F07935E}.Release|Any CPU.ActiveCfg = Release|Any CPU
		{D042C262-5704-49AE-A515-F71F0F07935E}.Release|Any CPU.Build.0 = Release|Any CPU
	EndGlobalSection
	GlobalSection(SolutionProperties) = preSolution
		HideSolutionNode = FALSE
	EndGlobalSection
EndGlobal
